
Microsoft Visual Studio Solution File, Format Version 12.00
# Visual Studio 15
VisualStudioVersion = 15.0.27703.2018
MinimumVisualStudioVersion = 10.0.40219.1
Project("{9A19103F-16F7-4668-BE54-9A1E7A4F7556}") = "inz", "inz\inz.csproj", "{12F29B83-9955-488B-B9A6-89CA1254F094}"
EndProject
Project("{00D1A9C2-B5F0-4AF3-8072-F6C62B433612}") = "Database1", "..\..\Database1\Database1.sqlproj", "{C06D1CD9-D81F-466C-9926-DC1F54A270F2}"
EndProject
Global
	GlobalSection(SolutionConfigurationPlatforms) = preSolution
		Debug|Any CPU = Debug|Any CPU
		Release|Any CPU = Release|Any CPU
	EndGlobalSection
	GlobalSection(ProjectConfigurationPlatforms) = postSolution
		{12F29B83-9955-488B-B9A6-89CA1254F094}.Debug|Any CPU.ActiveCfg = Debug|Any CPU
		{12F29B83-9955-488B-B9A6-89CA1254F094}.Debug|Any CPU.Build.0 = Debug|Any CPU
		{12F29B83-9955-488B-B9A6-89CA1254F094}.Release|Any CPU.ActiveCfg = Release|Any CPU
		{12F29B83-9955-488B-B9A6-89CA1254F094}.Release|Any CPU.Build.0 = Release|Any CPU
		{C06D1CD9-D81F-466C-9926-DC1F54A270F2}.Debug|Any CPU.ActiveCfg = Debug|Any CPU
		{C06D1CD9-D81F-466C-9926-DC1F54A270F2}.Debug|Any CPU.Build.0 = Debug|Any CPU
		{C06D1CD9-D81F-466C-9926-DC1F54A270F2}.Debug|Any CPU.Deploy.0 = Debug|Any CPU
		{C06D1CD9-D81F-466C-9926-DC1F54A270F2}.Release|Any CPU.ActiveCfg = Release|Any CPU
		{C06D1CD9-D81F-466C-9926-DC1F54A270F2}.Release|Any CPU.Build.0 = Release|Any CPU
		{C06D1CD9-D81F-466C-9926-DC1F54A270F2}.Release|Any CPU.Deploy.0 = Release|Any CPU
	EndGlobalSection
	GlobalSection(SolutionProperties) = preSolution
		HideSolutionNode = FALSE
	EndGlobalSection
	GlobalSection(ExtensibilityGlobals) = postSolution
		SolutionGuid = {974FCB70-2C56-4D28-8E78-38C38278331B}
	EndGlobalSection
EndGlobal
